
Microsoft Visual Studio Solution File, Format Version 12.00
# Visual Studio Version 17
VisualStudioVersion = 17.2.32516.85
MinimumVisualStudioVersion = 10.0.40219.1
Project("{FAE04EC0-301F-11D3-BF4B-00C04F79EFBC}") = "ClassesAndMore", "ClassesAndMore\ClassesAndMore.csproj", "{331C2E1D-B6BF-4D4F-A4FF-A0CE7D70EA2E}"
EndProject
Global
	GlobalSection(SolutionConfigurationPlatforms) = preSolution
		Debug|Any CPU = Debug|Any CPU
		Release|Any CPU = Release|Any CPU
	EndGlobalSection
	GlobalSection(ProjectConfigurationPlatforms) = postSolution
		{331C2E1D-B6BF-4D4F-A4FF-A0CE7D70EA2E}.Debug|Any CPU.ActiveCfg = Debug|Any CPU
		{331C2E1D-B6BF-4D4F-A4FF-A0CE7D70EA2E}.Debug|Any CPU.Build.0 = Debug|Any CPU
		{331C2E1D-B6BF-4D4F-A4FF-A0CE7D70EA2E}.Release|Any CPU.ActiveCfg = Release|Any CPU
		{331C2E1D-B6BF-4D4F-A4FF-A0CE7D70EA2E}.Release|Any CPU.Build.0 = Release|Any CPU
	EndGlobalSection
	GlobalSection(SolutionProperties) = preSolution
		HideSolutionNode = FALSE
	EndGlobalSection
	GlobalSection(ExtensibilityGlobals) = postSolution
		SolutionGuid = {3E18F79A-29C5-489C-BE4D-AF3FBA7DCDF0}
	EndGlobalSection
EndGlobal
