
Microsoft Visual Studio Solution File, Format Version 12.00
# Visual Studio Version 17
VisualStudioVersion = 17.2.32516.85
MinimumVisualStudioVersion = 10.0.40219.1
Project("{FAE04EC0-301F-11D3-BF4B-00C04F79EFBC}") = "Generics", "Generics\Generics.csproj", "{54E77029-D497-4EF2-8FF2-BAC7535C4DDE}"
EndProject
Global
	GlobalSection(SolutionConfigurationPlatforms) = preSolution
		Debug|Any CPU = Debug|Any CPU
		Release|Any CPU = Release|Any CPU
	EndGlobalSection
	GlobalSection(ProjectConfigurationPlatforms) = postSolution
		{54E77029-D497-4EF2-8FF2-BAC7535C4DDE}.Debug|Any CPU.ActiveCfg = Debug|Any CPU
		{54E77029-D497-4EF2-8FF2-BAC7535C4DDE}.Debug|Any CPU.Build.0 = Debug|Any CPU
		{54E77029-D497-4EF2-8FF2-BAC7535C4DDE}.Release|Any CPU.ActiveCfg = Release|Any CPU
		{54E77029-D497-4EF2-8FF2-BAC7535C4DDE}.Release|Any CPU.Build.0 = Release|Any CPU
	EndGlobalSection
	GlobalSection(SolutionProperties) = preSolution
		HideSolutionNode = FALSE
	EndGlobalSection
	GlobalSection(ExtensibilityGlobals) = postSolution
		SolutionGuid = {77A893F1-A109-45D7-8A73-5495B6847A40}
	EndGlobalSection
EndGlobal
