
Microsoft Visual Studio Solution File, Format Version 12.00
# Visual Studio Version 17
VisualStudioVersion = 17.2.32516.85
MinimumVisualStudioVersion = 10.0.40219.1
Project("{FAE04EC0-301F-11D3-BF4B-00C04F79EFBC}") = "MyOb", "MyOb\MyOb.csproj", "{A7764ADC-DBAA-4E1F-BC2E-5B7755D1FA44}"
EndProject
Global
	GlobalSection(SolutionConfigurationPlatforms) = preSolution
		Debug|Any CPU = Debug|Any CPU
		Release|Any CPU = Release|Any CPU
	EndGlobalSection
	GlobalSection(ProjectConfigurationPlatforms) = postSolution
		{A7764ADC-DBAA-4E1F-BC2E-5B7755D1FA44}.Debug|Any CPU.ActiveCfg = Debug|Any CPU
		{A7764ADC-DBAA-4E1F-BC2E-5B7755D1FA44}.Debug|Any CPU.Build.0 = Debug|Any CPU
		{A7764ADC-DBAA-4E1F-BC2E-5B7755D1FA44}.Release|Any CPU.ActiveCfg = Release|Any CPU
		{A7764ADC-DBAA-4E1F-BC2E-5B7755D1FA44}.Release|Any CPU.Build.0 = Release|Any CPU
	EndGlobalSection
	GlobalSection(SolutionProperties) = preSolution
		HideSolutionNode = FALSE
	EndGlobalSection
	GlobalSection(ExtensibilityGlobals) = postSolution
		SolutionGuid = {CBC996B6-90E3-4D9C-B612-BB2CDD612569}
	EndGlobalSection
EndGlobal
