
Microsoft Visual Studio Solution File, Format Version 12.00
# Visual Studio Version 17
VisualStudioVersion = 17.2.32516.85
MinimumVisualStudioVersion = 10.0.40219.1
Project("{FAE04EC0-301F-11D3-BF4B-00C04F79EFBC}") = "ProjectGee", "ProjectGee\ProjectGee.csproj", "{126A87AF-DACF-4200-826C-F5C664DC3258}"
EndProject
Global
	GlobalSection(SolutionConfigurationPlatforms) = preSolution
		Debug|Any CPU = Debug|Any CPU
		Release|Any CPU = Release|Any CPU
	EndGlobalSection
	GlobalSection(ProjectConfigurationPlatforms) = postSolution
		{126A87AF-DACF-4200-826C-F5C664DC3258}.Debug|Any CPU.ActiveCfg = Debug|Any CPU
		{126A87AF-DACF-4200-826C-F5C664DC3258}.Debug|Any CPU.Build.0 = Debug|Any CPU
		{126A87AF-DACF-4200-826C-F5C664DC3258}.Release|Any CPU.ActiveCfg = Release|Any CPU
		{126A87AF-DACF-4200-826C-F5C664DC3258}.Release|Any CPU.Build.0 = Release|Any CPU
	EndGlobalSection
	GlobalSection(SolutionProperties) = preSolution
		HideSolutionNode = FALSE
	EndGlobalSection
	GlobalSection(ExtensibilityGlobals) = postSolution
		SolutionGuid = {3B45528C-A6ED-4672-A2A3-3E8F17CFB0B0}
	EndGlobalSection
EndGlobal
