
Microsoft Visual Studio Solution File, Format Version 12.00
# Visual Studio Version 17
VisualStudioVersion = 17.2.32516.85
MinimumVisualStudioVersion = 10.0.40219.1
Project("{FAE04EC0-301F-11D3-BF4B-00C04F79EFBC}") = "Operators", "Operators\Operators.csproj", "{A854ADA2-919A-4D01-B058-4917EC394160}"
EndProject
Global
	GlobalSection(SolutionConfigurationPlatforms) = preSolution
		Debug|Any CPU = Debug|Any CPU
		Release|Any CPU = Release|Any CPU
	EndGlobalSection
	GlobalSection(ProjectConfigurationPlatforms) = postSolution
		{A854ADA2-919A-4D01-B058-4917EC394160}.Debug|Any CPU.ActiveCfg = Debug|Any CPU
		{A854ADA2-919A-4D01-B058-4917EC394160}.Debug|Any CPU.Build.0 = Debug|Any CPU
		{A854ADA2-919A-4D01-B058-4917EC394160}.Release|Any CPU.ActiveCfg = Release|Any CPU
		{A854ADA2-919A-4D01-B058-4917EC394160}.Release|Any CPU.Build.0 = Release|Any CPU
	EndGlobalSection
	GlobalSection(SolutionProperties) = preSolution
		HideSolutionNode = FALSE
	EndGlobalSection
	GlobalSection(ExtensibilityGlobals) = postSolution
		SolutionGuid = {AAA327F6-2528-414F-9497-947276F05050}
	EndGlobalSection
EndGlobal
