
Microsoft Visual Studio Solution File, Format Version 12.00
# Visual Studio Version 17
VisualStudioVersion = 17.2.32516.85
MinimumVisualStudioVersion = 10.0.40219.1
Project("{FAE04EC0-301F-11D3-BF4B-00C04F79EFBC}") = "MethodTest", "MethodTest\MethodTest.csproj", "{C126FB33-44A0-4A6D-BB60-F9A305CE4D8C}"
EndProject
Global
	GlobalSection(SolutionConfigurationPlatforms) = preSolution
		Debug|Any CPU = Debug|Any CPU
		Release|Any CPU = Release|Any CPU
	EndGlobalSection
	GlobalSection(ProjectConfigurationPlatforms) = postSolution
		{C126FB33-44A0-4A6D-BB60-F9A305CE4D8C}.Debug|Any CPU.ActiveCfg = Debug|Any CPU
		{C126FB33-44A0-4A6D-BB60-F9A305CE4D8C}.Debug|Any CPU.Build.0 = Debug|Any CPU
		{C126FB33-44A0-4A6D-BB60-F9A305CE4D8C}.Release|Any CPU.ActiveCfg = Release|Any CPU
		{C126FB33-44A0-4A6D-BB60-F9A305CE4D8C}.Release|Any CPU.Build.0 = Release|Any CPU
	EndGlobalSection
	GlobalSection(SolutionProperties) = preSolution
		HideSolutionNode = FALSE
	EndGlobalSection
	GlobalSection(ExtensibilityGlobals) = postSolution
		SolutionGuid = {AAEA20F7-DE50-49C9-8F85-B8BCD849AC68}
	EndGlobalSection
EndGlobal
