
Microsoft Visual Studio Solution File, Format Version 12.00
# Visual Studio Version 17
VisualStudioVersion = 17.2.32516.85
MinimumVisualStudioVersion = 10.0.40219.1
Project("{FAE04EC0-301F-11D3-BF4B-00C04F79EFBC}") = "editor", "editor\editor.csproj", "{3290F179-C496-43FF-85E9-98DE32910819}"
EndProject
Global
	GlobalSection(SolutionConfigurationPlatforms) = preSolution
		Debug|Any CPU = Debug|Any CPU
		Release|Any CPU = Release|Any CPU
	EndGlobalSection
	GlobalSection(ProjectConfigurationPlatforms) = postSolution
		{3290F179-C496-43FF-85E9-98DE32910819}.Debug|Any CPU.ActiveCfg = Debug|Any CPU
		{3290F179-C496-43FF-85E9-98DE32910819}.Debug|Any CPU.Build.0 = Debug|Any CPU
		{3290F179-C496-43FF-85E9-98DE32910819}.Release|Any CPU.ActiveCfg = Release|Any CPU
		{3290F179-C496-43FF-85E9-98DE32910819}.Release|Any CPU.Build.0 = Release|Any CPU
	EndGlobalSection
	GlobalSection(SolutionProperties) = preSolution
		HideSolutionNode = FALSE
	EndGlobalSection
	GlobalSection(ExtensibilityGlobals) = postSolution
		SolutionGuid = {C5F719ED-A830-452F-A3A6-B223F434E56B}
	EndGlobalSection
EndGlobal
